Microsoft Visual Studio Solution File, Format Version 12.00
# Visual Studio Version 17
VisualStudioVersion = 17.5.2.0
MinimumVisualStudioVersion = 10.0.40219.1
Project("{FAE04EC0-301F-11D3-BF4B-00C04F79EFBC}") = "SchedulerUI", "SchedulerUI\SchedulerUI.csproj", "{03C13BAA-91A7-B067-4EDB-A234B3BE6167}"
EndProject
Global
	GlobalSection(SolutionConfigurationPlatforms) = preSolution
		Debug|Any CPU = Debug|Any CPU
		Release|Any CPU = Release|Any CPU
	EndGlobalSection
	GlobalSection(ProjectConfigurationPlatforms) = postSolution
		{03C13BAA-91A7-B067-4EDB-A234B3BE6167}.Debug|Any CPU.ActiveCfg = Debug|Any CPU
		{03C13BAA-91A7-B067-4EDB-A234B3BE6167}.Debug|Any CPU.Build.0 = Debug|Any CPU
		{03C13BAA-91A7-B067-4EDB-A234B3BE6167}.Release|Any CPU.ActiveCfg = Release|Any CPU
		{03C13BAA-91A7-B067-4EDB-A234B3BE6167}.Release|Any CPU.Build.0 = Release|Any CPU
	EndGlobalSection
	GlobalSection(SolutionProperties) = preSolution
		HideSolutionNode = FALSE
	EndGlobalSection
	GlobalSection(ExtensibilityGlobals) = postSolution
		SolutionGuid = {5A409981-8482-42C1-917B-C2A63CCCFC24}
	EndGlobalSection
EndGlobal
